// !$*UTF8*$!
{
	archiveVersion = 1;
	classes = {
	};
	objectVersion = 50;
	objects = {

/* Begin PBXBuildFile section */
		FE1CFB3F217DAE910060CFA8 /* AppDelegate.m in Sources */ = {isa = PBXBuildFile; fileRef = FE1CFB3E217DAE910060CFA8 /* AppDelegate.m */; };
		FE1CFB42217DAE910060CFA8 /* ViewController.m in Sources */ = {isa = PBXBuildFile; fileRef = FE1CFB41217DAE910060CFA8 /* ViewController.m */; };
		FE1CFB45217DAE910060CFA8 /* Main.storyboard in Resources */ = {isa = PBXBuildFile; fileRef = FE1CFB43217DAE910060CFA8 /* Main.storyboard */; };
		FE1CFB47217DAE920060CFA8 /* Assets.xcassets in Resources */ = {isa = PBXBuildFile; fileRef = FE1CFB46217DAE920060CFA8 /* Assets.xcassets */; };
		FE1CFB4A217DAE920060CFA8 /* LaunchScreen.storyboard in Resources */ = {isa = PBXBuildFile; fileRef = FE1CFB48217DAE920060CFA8 /* LaunchScreen.storyboard */; };
		FE1CFB4D217DAE920060CFA8 /* main.m in Sources */ = {isa = PBXBuildFile; fileRef = FE1CFB4C217DAE920060CFA8 /* main.m */; };
		FE1CFB59217DB2B90060CFA8 /* Localizable.strings in Resources */ = {isa = PBXBuildFile; fileRef = FE1CFB5B217DB2B90060CFA8 /* Localizable.strings */; };
/* End PBXBuildFile section */

/* Begin PBXFileReference section */
		FE1CFB3A217DAE910060CFA8 /* Test-International.app */ = {isa = PBXFileReference; explicitFileType = wrapper.application; includeInIndex = 0; path = "Test-International.app"; sourceTree = BUILT_PRODUCTS_DIR; };
		FE1CFB3D217DAE910060CFA8 /* AppDelegate.h */ = {isa = PBXFileReference; lastKnownFileType = sourcecode.c.h; path = AppDelegate.h; sourceTree = "<group>"; };
		FE1CFB3E217DAE910060CFA8 /* AppDelegate.m */ = {isa = PBXFileReference; lastKnownFileType = sourcecode.c.objc; path = AppDelegate.m; sourceTree = "<group>"; };
		FE1CFB40217DAE910060CFA8 /* ViewController.h */ = {isa = PBXFileReference; lastKnownFileType = sourcecode.c.h; path = ViewController.h; sourceTree = "<group>"; };
		FE1CFB41217DAE910060CFA8 /* ViewController.m */ = {isa = PBXFileReference; lastKnownFileType = sourcecode.c.objc; path = ViewController.m; sourceTree = "<group>"; };
		FE1CFB44217DAE910060CFA8 /* Base */ = {isa = PBXFileReference; lastKnownFileType = file.storyboard; name = Base; path = Base.lproj/Main.storyboard; sourceTree = "<group>"; };
		FE1CFB46217DAE920060CFA8 /* Assets.xcassets */ = {isa = PBXFileReference; lastKnownFileType = folder.assetcatalog; path = Assets.xcassets; sourceTree = "<group>"; };
		FE1CFB49217DAE920060CFA8 /* Base */ = {isa = PBXFileReference; lastKnownFileType = file.storyboard; name = Base; path = Base.lproj/LaunchScreen.storyboard; sourceTree = "<group>"; };
		FE1CFB4B217DAE920060CFA8 /* Info.plist */ = {isa = PBXFileReference; lastKnownFileType = text.plist.xml; path = Info.plist; sourceTree = "<group>"; };
		FE1CFB4C217DAE920060CFA8 /* main.m */ = {isa = PBXFileReference; lastKnownFileType = sourcecode.c.objc; path = main.m; sourceTree = "<group>"; };
		FE1CFB53217DB00D0060CFA8 /* zh-Hans */ = {isa = PBXFileReference; lastKnownFileType = text.plist.strings; name = "zh-Hans"; path = "zh-Hans.lproj/Main.strings"; sourceTree = "<group>"; };
		FE1CFB54217DB00D0060CFA8 /* zh-Hans */ = {isa = PBXFileReference; lastKnownFileType = text.plist.strings; name = "zh-Hans"; path = "zh-Hans.lproj/LaunchScreen.strings"; sourceTree = "<group>"; };
		FE1CFB56217DB03C0060CFA8 /* en */ = {isa = PBXFileReference; lastKnownFileType = text.plist.strings; name = en; path = en.lproj/Main.strings; sourceTree = "<group>"; };
		FE1CFB5A217DB2B90060CFA8 /* en */ = {isa = PBXFileReference; lastKnownFileType = text.plist.strings; name = en; path = en.lproj/Localizable.strings; sourceTree = "<group>"; };
		FE1CFB5C217DB2CC0060CFA8 /* zh-Hans */ = {isa = PBXFileReference; lastKnownFileType = text.plist.strings; name = "zh-Hans"; path = "zh-Hans.lproj/Localizable.strings"; sourceTree = "<group>"; };
/* End PBXFileReference section */

/* Begin PBXFrameworksBuildPhase section */
		FE1CFB37217DAE910060CFA8 /* Frameworks */ = {
			isa = PBXFrameworksBuildPhase;
			buildActionMask = 2147483647;
			files = (
			);
			runOnlyForDeploymentPostprocessing = 0;
		};
/* End PBXFrameworksBuildPhase section */

/* Begin PBXGroup section */
		FE1CFB31217DAE910060CFA8 = {
			isa = PBXGroup;
			children = (
				FE1CFB3C217DAE910060CFA8 /* Test-International */,
				FE1CFB3B217DAE910060CFA8 /* Products */,
			);
			sourceTree = "<group>";
		};
		FE1CFB3B217DAE910060CFA8 /* Products */ = {
			isa = PBXGroup;
			children = (
				FE1CFB3A217DAE910060CFA8 /* Test-International.app */,
			);
			name = Products;
			sourceTree = "<group>";
		};
		FE1CFB3C217DAE910060CFA8 /* Test-International */ = {
			isa = PBXGroup;
			children = (
				FE1CFB3D217DAE910060CFA8 /* AppDelegate.h */,
				FE1CFB3E217DAE910060CFA8 /* AppDelegate.m */,
				FE1CFB40217DAE910060CFA8 /* ViewController.h */,
				FE1CFB41217DAE910060CFA8 /* ViewController.m */,
				FE1CFB43217DAE910060CFA8 /* Main.storyboard */,
				FE1CFB5B217DB2B90060CFA8 /* Localizable.strings */,
				FE1CFB46217DAE920060CFA8 /* Assets.xcassets */,
				FE1CFB48217DAE920060CFA8 /* LaunchScreen.storyboard */,
				FE1CFB4B217DAE920060CFA8 /* Info.plist */,
				FE1CFB4C217DAE920060CFA8 /* main.m */,
			);
			path = "Test-International";
			sourceTree = "<group>";
		};
/* End PBXGroup section */

/* Begin PBXNativeTarget section */
		FE1CFB39217DAE910060CFA8 /* Test-International */ = {
			isa = PBXNativeTarget;
			buildConfigurationList = FE1CFB50217DAE920060CFA8 /* Build configuration list for PBXNativeTarget "Test-International" */;
			buildPhases = (
				FE1CFB36217DAE910060CFA8 /* Sources */,
				FE1CFB37217DAE910060CFA8 /* Frameworks */,
				FE1CFB38217DAE910060CFA8 /* Resources */,
			);
			buildRules = (
			);
			dependencies = (
			);
			name = "Test-International";
			productName = "Test-International";
			productReference = FE1CFB3A217DAE910060CFA8 /* Test-International.app */;
			productType = "com.apple.product-type.application";
		};
/* End PBXNativeTarget section */

/* Begin PBXProject section */
		FE1CFB32217DAE910060CFA8 /* Project object */ = {
			isa = PBXProject;
			attributes = {
				LastUpgradeCheck = 0940;
				ORGANIZATIONNAME = hony;
				TargetAttributes = {
					FE1CFB39217DAE910060CFA8 = {
						CreatedOnToolsVersion = 9.4.1;
					};
				};
			};
			buildConfigurationList = FE1CFB35217DAE910060CFA8 /* Build configuration list for PBXProject "Test-International" */;
			compatibilityVersion = "Xcode 9.3";
			developmentRegion = en;
			hasScannedForEncodings = 0;
			knownRegions = (
				en,
				Base,
				"zh-Hans",
			);
			mainGroup = FE1CFB31217DAE910060CFA8;
			productRefGroup = FE1CFB3B217DAE910060CFA8 /* Products */;
			projectDirPath = "";
			projectRoot = "";
			targets = (
				FE1CFB39217DAE910060CFA8 /* Test-International */,
			);
		};
/* End PBXProject section */

/* Begin PBXResourcesBuildPhase section */
		FE1CFB38217DAE910060CFA8 /* Resources */ = {
			isa = PBXResourcesBuildPhase;
			buildActionMask = 2147483647;
			files = (
				FE1CFB4A217DAE920060CFA8 /* LaunchScreen.storyboard in Resources */,
				FE1CFB59217DB2B90060CFA8 /* Localizable.strings in Resources */,
				FE1CFB47217DAE920060CFA8 /* Assets.xcassets in Resources */,
				FE1CFB45217DAE910060CFA8 /* Main.storyboard in Resources */,
			);
			runOnlyForDeploymentPostprocessing = 0;
		};
/* End PBXResourcesBuildPhase section */

/* Begin PBXSourcesBuildPhase section */
		FE1CFB36217DAE910060CFA8 /* Sources */ = {
			isa = PBXSourcesBuildPhase;
			buildActionMask = 2147483647;
			files = (
				FE1CFB42217DAE910060CFA8 /* ViewController.m in Sources */,
				FE1CFB4D217DAE920060CFA8 /* main.m in Sources */,
				FE1CFB3F217DAE910060CFA8 /* AppDelegate.m in Sources */,
			);
			runOnlyForDeploymentPostprocessing = 0;
		};
/* End PBXSourcesBuildPhase section */

/* Begin PBXVariantGroup section */
		FE1CFB43217DAE910060CFA8 /* Main.storyboard */ = {
			isa = PBXVariantGroup;
			children = (
				FE1CFB44217DAE910060CFA8 /* Base */,
				FE1CFB53217DB00D0060CFA8 /* zh-Hans */,
				FE1CFB56217DB03C0060CFA8 /* en */,
			);
			name = Main.storyboard;
			sourceTree = "<group>";
		};
		FE1CFB48217DAE920060CFA8 /* LaunchScreen.storyboard */ = {
			isa = PBXVariantGroup;
			children = (
				FE1CFB49217DAE920060CFA8 /* Base */,
				FE1CFB54217DB00D0060CFA8 /* zh-Hans */,
			);
			name = LaunchScreen.storyboard;
			sourceTree = "<group>";
		};
		FE1CFB5B217DB2B90060CFA8 /* Localizable.strings */ = {
			isa = PBXVariantGroup;
			children = (
				FE1CFB5A217DB2B90060CFA8 /* en */,
				FE1CFB5C217DB2CC0060CFA8 /* zh-Hans */,
			);
			name = Localizable.strings;
			sourceTree = "<group>";
		};
/* End PBXVariantGroup section */

/* Begin XCBuildConfiguration section */
		FE1CFB4E217DAE920060CFA8 /* Debug */ = {
			isa = XCBuildConfiguration;
			buildSettings = {
				ALWAYS_SEARCH_USER_PATHS = NO;
				CLANG_ANALYZER_LOCALIZABILITY_NONLOCALIZED = YES;
				CLANG_ANALYZER_NONNULL = YES;
				CLANG_ANALYZER_NUMBER_OBJECT_CONVERSION = YES_AGGRESSIVE;
				CLANG_CXX_LANGUAGE_STANDARD = "gnu++14";
				CLANG_CXX_LIBRARY = "libc++";
				CLANG_ENABLE_MODULES = YES;
				CLANG_ENABLE_OBJC_ARC = YES;
				CLANG_ENABLE_OBJC_WEAK = YES;
				CLANG_WARN_BLOCK_CAPTURE_AUTORELEASING = YES;
				CLANG_WARN_BOOL_CONVERSION = YES;
				CLANG_WARN_COMMA = YES;
				CLANG_WARN_CONSTANT_CONVERSION = YES;
				CLANG_WARN_DEPRECATED_OBJC_IMPLEMENTATIONS = YES;
				CLANG_WARN_DIRECT_OBJC_ISA_USAGE = YES_ERROR;
				CLANG_WARN_DOCUMENTATION_COMMENTS = YES;
				CLANG_WARN_EMPTY_BODY = YES;
				CLANG_WARN_ENUM_CONVERSION = YES;
				CLANG_WARN_INFINITE_RECURSION = YES;
				CLANG_WARN_INT_CONVERSION = YES;
				CLANG_WARN_NON_LITERAL_NULL_CONVERSION = YES;
				CLANG_WARN_OBJC_IMPLICIT_RETAIN_SELF = YES;
				CLANG_WARN_OBJC_LITERAL_CONVERSION = YES;
				CLANG_WARN_OBJC_ROOT_CLASS = YES_ERROR;
				CLANG_WARN_RANGE_LOOP_ANALYSIS = YES;
				CLANG_WARN_STRICT_PROTOTYPES = YES;
				CLANG_WARN_SUSPICIOUS_MOVE = YES;
				CLANG_WARN_UNGUARDED_AVAILABILITY = YES_AGGRESSIVE;
				CLANG_WARN_UNREACHABLE_CODE = YES;
				CLANG_WARN__DUPLICATE_METHOD_MATCH = YES;
				CODE_SIGN_IDENTITY = "iPhone Developer";
				COPY_PHASE_STRIP = NO;
				DEBUG_INFORMATION_FORMAT = dwarf;
				ENABLE_STRICT_OBJC_MSGSEND = YES;
				ENABLE_TESTABILITY = YES;
				GCC_C_LANGUAGE_STANDARD = gnu11;
				GCC_DYNAMIC_NO_PIC = NO;
				GCC_NO_COMMON_BLOCKS = YES;
				GCC_OPTIMIZATION_LEVEL = 0;
				GCC_PREPROCESSOR_DEFINITIONS = (
					"DEBUG=1",
					"$(inherited)",
				);
				GCC_WARN_64_TO_32_BIT_CONVERSION = YES;
				GCC_WARN_ABOUT_RETURN_TYPE = YES_ERROR;
				GCC_WARN_UNDECLARED_SELECTOR = YES;
				GCC_WARN_UNINITIALIZED_AUTOS = YES_AGGRESSIVE;
				GCC_WARN_UNUSED_FUNCTION = YES;
				GCC_WARN_UNUSED_VARIABLE = YES;
				IPHONEOS_DEPLOYMENT_TARGET = 11.4;
				MTL_ENABLE_DEBUG_INFO = YES;
				ONLY_ACTIVE_ARCH = YES;
				SDKROOT = iphoneos;
			};
			name = Debug;
		};
		FE1CFB4F217DAE920060CFA8 /* Release */ = {
			isa = XCBuildConfiguration;
			buildSettings = {
				ALWAYS_SEARCH_USER_PATHS = NO;
				CLANG_ANALYZER_LOCALIZABILITY_NONLOCALIZED = YES;
				CLANG_ANALYZER_NONNULL = YES;
				CLANG_ANALYZER_NUMBER_OBJECT_CONVERSION = YES_AGGRESSIVE;
				CLANG_CXX_LANGUAGE_STANDARD = "gnu++14";
				CLANG_CXX_LIBRARY = "libc++";
				CLANG_ENABLE_MODULES = YES;
				CLANG_ENABLE_OBJC_ARC = YES;
				CLANG_ENABLE_OBJC_WEAK = YES;
				CLANG_WARN_BLOCK_CAPTURE_AUTORELEASING = YES;
				CLANG_WARN_BOOL_CONVERSION = YES;
				CLANG_WARN_COMMA = YES;
				CLANG_WARN_CONSTANT_CONVERSION = YES;
				CLANG_WARN_DEPRECATED_OBJC_IMPLEMENTATIONS = YES;
				CLANG_WARN_DIRECT_OBJC_ISA_USAGE = YES_ERROR;
				CLANG_WARN_DOCUMENTATION_COMMENTS = YES;
				CLANG_WARN_EMPTY_BODY = YES;
				CLANG_WARN_ENUM_CONVERSION = YES;
				CLANG_WARN_INFINITE_RECURSION = YES;
				CLANG_WARN_INT_CONVERSION = YES;
				CLANG_WARN_NON_LITERAL_NULL_CONVERSION = YES;
				CLANG_WARN_OBJC_IMPLICIT_RETAIN_SELF = YES;
				CLANG_WARN_OBJC_LITERAL_CONVERSION = YES;
				CLANG_WARN_OBJC_ROOT_CLASS = YES_ERROR;
				CLANG_WARN_RANGE_LOOP_ANALYSIS = YES;
				CLANG_WARN_STRICT_PROTOTYPES = YES;
				CLANG_WARN_SUSPICIOUS_MOVE = YES;
				CLANG_WARN_UNGUARDED_AVAILABILITY = YES_AGGRESSIVE;
				CLANG_WARN_UNREACHABLE_CODE = YES;
				CLANG_WARN__DUPLICATE_METHOD_MATCH = YES;
				CODE_SIGN_IDENTITY = "iPhone Developer";
				COPY_PHASE_STRIP = NO;
				DEBUG_INFORMATION_FORMAT = "dwarf-with-dsym";
				ENABLE_NS_ASSERTIONS = NO;
				ENABLE_STRICT_OBJC_MSGSEND = YES;
				GCC_C_LANGUAGE_STANDARD = gnu11;
				GCC_NO_COMMON_BLOCKS = YES;
				GCC_WARN_64_TO_32_BIT_CONVERSION = YES;
				GCC_WARN_ABOUT_RETURN_TYPE = YES_ERROR;
				GCC_WARN_UNDECLARED_SELECTOR = YES;
				GCC_WARN_UNINITIALIZED_AUTOS = YES_AGGRESSIVE;
				GCC_WARN_UNUSED_FUNCTION = YES;
				GCC_WARN_UNUSED_VARIABLE = YES;
				IPHONEOS_DEPLOYMENT_TARGET = 11.4;
				MTL_ENABLE_DEBUG_INFO = NO;
				SDKROOT = iphoneos;
				VALIDATE_PRODUCT = YES;
			};
			name = Release;
		};
		FE1CFB51217DAE920060CFA8 /* Debug */ = {
			isa = XCBuildConfiguration;
			buildSettings = {
				ASSETCATALOG_COMPILER_APPICON_NAME = AppIcon;
				CODE_SIGN_STYLE = Automatic;
				INFOPLIST_FILE = "Test-International/Info.plist";
				LD_RUNPATH_SEARCH_PATHS = (
					"$(inherited)",
					"@executable_path/Frameworks",
				);
				PRODUCT_BUNDLE_IDENTIFIER = "com.hony.Test-International";
				PRODUCT_NAME = "$(TARGET_NAME)";
				TARGETED_DEVICE_FAMILY = "1,2";
			};
			name = Debug;
		};
		FE1CFB52217DAE920060CFA8 /* Release */ = {
			isa = XCBuildConfiguration;
			buildSettings = {
				ASSETCATALOG_COMPILER_APPICON_NAME = AppIcon;
				CODE_SIGN_STYLE = Automatic;
				INFOPLIST_FILE = "Test-International/Info.plist";
				LD_RUNPATH_SEARCH_PATHS = (
					"$(inherited)",
					"@executable_path/Frameworks",
				);
				PRODUCT_BUNDLE_IDENTIFIER = "com.hony.Test-International";
				PRODUCT_NAME = "$(TARGET_NAME)";
				TARGETED_DEVICE_FAMILY = "1,2";
			};
			name = Release;
		};
/* End XCBuildConfiguration section */

/* Begin XCConfigurationList section */
		FE1CFB35217DAE910060CFA8 /* Build configuration list for PBXProject "Test-International" */ = {
			isa = XCConfigurationList;
			buildConfigurations = (
				FE1CFB4E217DAE920060CFA8 /* Debug */,
				FE1CFB4F217DAE920060CFA8 /* Release */,
			);
			defaultConfigurationIsVisible = 0;
			defaultConfigurationName = Release;
		};
		FE1CFB50217DAE920060CFA8 /* Build configuration list for PBXNativeTarget "Test-International" */ = {
			isa = XCConfigurationList;
			buildConfigurations = (
				FE1CFB51217DAE920060CFA8 /* Debug */,
				FE1CFB52217DAE920060CFA8 /* Release */,
			);
			defaultConfigurationIsVisible = 0;
			defaultConfigurationName = Release;
		};
/* End XCConfigurationList section */
	};
	rootObject = FE1CFB32217DAE910060CFA8 /* Project object */;
}
